
Microsoft Visual Studio Solution File, Format Version 12.00
# Visual Studio Version 17
VisualStudioVersion = 17.5.002.0
MinimumVisualStudioVersion = 10.0.40219.1
Project("{2150E333-8FDC-42A3-9474-1A3956D46DE8}") = "prepare", "prepare", "{BED18FD0-F1B8-41B0-A941-F5A97ACE8BC7}"
EndProject
Project("{9A19103F-16F7-4668-BE54-9A1E7A4F7556}") = "Learning02", "prepare\Learning02\Learning02.csproj", "{440D7032-0622-4822-BB72-6B4AB0FC8D27}"
EndProject
Project("{9A19103F-16F7-4668-BE54-9A1E7A4F7556}") = "Learning05", "prepare\Learning05\Learning05.csproj", "{E7138AFD-51C7-4795-97FE-D46151845B5E}"
EndProject
Project("{9A19103F-16F7-4668-BE54-9A1E7A4F7556}") = "Learning04", "prepare\Learning04\Learning04.csproj", "{3424A5D4-07F6-4982-B634-CBC01D9280C4}"
EndProject
Project("{9A19103F-16F7-4668-BE54-9A1E7A4F7556}") = "Learning03", "prepare\Learning03\Learning03.csproj", "{ABEACAD3-A65B-487F-855F-83B35A863ADA}"
EndProject
Project("{2150E333-8FDC-42A3-9474-1A3956D46DE8}") = "prove", "prove", "{E392CC99-75D0-4F82-AA7C-E3258CD8314C}"
EndProject
Project("{9A19103F-16F7-4668-BE54-9A1E7A4F7556}") = "Develop03", "prove\Develop03\Develop03.csproj", "{0B0FEF7F-BCCC-452C-A2B9-87278CDBA2FA}"
EndProject
Project("{9A19103F-16F7-4668-BE54-9A1E7A4F7556}") = "Develop04", "prove\Develop04\Develop04.csproj", "{1AF515B5-0BAC-4646-BE5A-8FE5B088A56F}"
EndProject
Project("{9A19103F-16F7-4668-BE54-9A1E7A4F7556}") = "Develop05", "prove\Develop05\Develop05.csproj", "{767FA43D-74E5-4518-89B5-7333AC9AB933}"
EndProject
Project("{9A19103F-16F7-4668-BE54-9A1E7A4F7556}") = "Develop02", "prove\Develop02\Develop02.csproj", "{ADA53EA4-0F4A-428A-8A15-8DAA5C97DB96}"
EndProject
Project("{2150E333-8FDC-42A3-9474-1A3956D46DE8}") = "sandbox", "sandbox", "{2136A577-AAB6-4E27-AF86-FB938AE41112}"
EndProject
Project("{9A19103F-16F7-4668-BE54-9A1E7A4F7556}") = "Sandbox", "sandbox\Sandbox\Sandbox.csproj", "{4FFA8A67-5A40-40F8-9ADA-28DE7BF9A80C}"
EndProject
Project("{2150E333-8FDC-42A3-9474-1A3956D46DE8}") = "final", "final", "{7C33DAB9-FCFB-4E55-BC18-5C578676169C}"
EndProject
Project("{9A19103F-16F7-4668-BE54-9A1E7A4F7556}") = "FinalProject", "final\FinalProject\FinalProject.csproj", "{F3C2B65D-0818-490B-89FC-0011667A1E18}"
EndProject
Project("{9A19103F-16F7-4668-BE54-9A1E7A4F7556}") = "Foundation1", "final\Foundation1\Foundation1.csproj", "{475D51D5-FDD6-4AD5-A58E-F56BDF42F49A}"
EndProject
Project("{9A19103F-16F7-4668-BE54-9A1E7A4F7556}") = "Foundation4", "final\Foundation4\Foundation4.csproj", "{1E592EEF-4D7D-4BF8-B776-B7290DA5197B}"
EndProject
Project("{9A19103F-16F7-4668-BE54-9A1E7A4F7556}") = "Foundation3", "final\Foundation3\Foundation3.csproj", "{72034F4E-2A93-4842-B509-D36825A6FA16}"
EndProject
Project("{9A19103F-16F7-4668-BE54-9A1E7A4F7556}") = "Foundation2", "final\Foundation2\Foundation2.csproj", "{022434D7-D02A-4D3B-9D01-B4FF9BFB5E6D}"
EndProject
Project("{2150E333-8FDC-42A3-9474-1A3956D46DE8}") = "csharp-prep", "csharp-prep", "{DD5BCF24-191C-4E18-A0B3-759D70956959}"
EndProject
Project("{9A19103F-16F7-4668-BE54-9A1E7A4F7556}") = "Prep1", "csharp-prep\Prep1\Prep1.csproj", "{8D12B31E-3ABD-4065-88C7-72FA3B5DC7D6}"
EndProject
Project("{9A19103F-16F7-4668-BE54-9A1E7A4F7556}") = "Prep5", "csharp-prep\Prep5\Prep5.csproj", "{222F4974-D190-48E5-B405-DAD83EAE3802}"
EndProject
Project("{9A19103F-16F7-4668-BE54-9A1E7A4F7556}") = "Prep2", "csharp-prep\Prep2\Prep2.csproj", "{AA829CEF-5369-4F3E-A17D-71A9AFF7A17B}"
EndProject
Project("{9A19103F-16F7-4668-BE54-9A1E7A4F7556}") = "Prep3", "csharp-prep\Prep3\Prep3.csproj", "{CE234563-6262-4A85-A4B5-3FAF18D959CF}"
EndProject
Project("{9A19103F-16F7-4668-BE54-9A1E7A4F7556}") = "Prep4", "csharp-prep\Prep4\Prep4.csproj", "{810E3BB1-2F90-4E51-8EE0-0E765712F2C1}"
EndProject
Global
	GlobalSection(SolutionConfigurationPlatforms) = preSolution
		Debug|Any CPU = Debug|Any CPU
		Release|Any CPU = Release|Any CPU
	EndGlobalSection
	GlobalSection(ProjectConfigurationPlatforms) = postSolution
		{440D7032-0622-4822-BB72-6B4AB0FC8D27}.Debug|Any CPU.ActiveCfg = Debug|Any CPU
		{440D7032-0622-4822-BB72-6B4AB0FC8D27}.Debug|Any CPU.Build.0 = Debug|Any CPU
		{440D7032-0622-4822-BB72-6B4AB0FC8D27}.Release|Any CPU.ActiveCfg = Release|Any CPU
		{440D7032-0622-4822-BB72-6B4AB0FC8D27}.Release|Any CPU.Build.0 = Release|Any CPU
		{E7138AFD-51C7-4795-97FE-D46151845B5E}.Debug|Any CPU.ActiveCfg = Debug|Any CPU
		{E7138AFD-51C7-4795-97FE-D46151845B5E}.Debug|Any CPU.Build.0 = Debug|Any CPU
		{E7138AFD-51C7-4795-97FE-D46151845B5E}.Release|Any CPU.ActiveCfg = Release|Any CPU
		{E7138AFD-51C7-4795-97FE-D46151845B5E}.Release|Any CPU.Build.0 = Release|Any CPU
		{3424A5D4-07F6-4982-B634-CBC01D9280C4}.Debug|Any CPU.ActiveCfg = Debug|Any CPU
		{3424A5D4-07F6-4982-B634-CBC01D9280C4}.Debug|Any CPU.Build.0 = Debug|Any CPU
		{3424A5D4-07F6-4982-B634-CBC01D9280C4}.Release|Any CPU.ActiveCfg = Release|Any CPU
		{3424A5D4-07F6-4982-B634-CBC01D9280C4}.Release|Any CPU.Build.0 = Release|Any CPU
		{ABEACAD3-A65B-487F-855F-83B35A863ADA}.Debug|Any CPU.ActiveCfg = Debug|Any CPU
		{ABEACAD3-A65B-487F-855F-83B35A863ADA}.Debug|Any CPU.Build.0 = Debug|Any CPU
		{ABEACAD3-A65B-487F-855F-83B35A863ADA}.Release|Any CPU.ActiveCfg = Release|Any CPU
		{ABEACAD3-A65B-487F-855F-83B35A863ADA}.Release|Any CPU.Build.0 = Release|Any CPU
		{0B0FEF7F-BCCC-452C-A2B9-87278CDBA2FA}.Debug|Any CPU.ActiveCfg = Debug|Any CPU
		{0B0FEF7F-BCCC-452C-A2B9-87278CDBA2FA}.Debug|Any CPU.Build.0 = Debug|Any CPU
		{0B0FEF7F-BCCC-452C-A2B9-87278CDBA2FA}.Release|Any CPU.ActiveCfg = Release|Any CPU
		{0B0FEF7F-BCCC-452C-A2B9-87278CDBA2FA}.Release|Any CPU.Build.0 = Release|Any CPU
		{1AF515B5-0BAC-4646-BE5A-8FE5B088A56F}.Debug|Any CPU.ActiveCfg = Debug|Any CPU
		{1AF515B5-0BAC-4646-BE5A-8FE5B088A56F}.Debug|Any CPU.Build.0 = Debug|Any CPU
		{1AF515B5-0BAC-4646-BE5A-8FE5B088A56F}.Release|Any CPU.ActiveCfg = Release|Any CPU
		{1AF515B5-0BAC-4646-BE5A-8FE5B088A56F}.Release|Any CPU.Build.0 = Release|Any CPU
		{767FA43D-74E5-4518-89B5-7333AC9AB933}.Debug|Any CPU.ActiveCfg = Debug|Any CPU
		{767FA43D-74E5-4518-89B5-7333AC9AB933}.Debug|Any CPU.Build.0 = Debug|Any CPU
		{767FA43D-74E5-4518-89B5-7333AC9AB933}.Release|Any CPU.ActiveCfg = Release|Any CPU
		{767FA43D-74E5-4518-89B5-7333AC9AB933}.Release|Any CPU.Build.0 = Release|Any CPU
		{ADA53EA4-0F4A-428A-8A15-8DAA5C97DB96}.Debug|Any CPU.ActiveCfg = Debug|Any CPU
		{ADA53EA4-0F4A-428A-8A15-8DAA5C97DB96}.Debug|Any CPU.Build.0 = Debug|Any CPU
		{ADA53EA4-0F4A-428A-8A15-8DAA5C97DB96}.Release|Any CPU.ActiveCfg = Release|Any CPU
		{ADA53EA4-0F4A-428A-8A15-8DAA5C97DB96}.Release|Any CPU.Build.0 = Release|Any CPU
		{4FFA8A67-5A40-40F8-9ADA-28DE7BF9A80C}.Debug|Any CPU.ActiveCfg = Debug|Any CPU
		{4FFA8A67-5A40-40F8-9ADA-28DE7BF9A80C}.Debug|Any CPU.Build.0 = Debug|Any CPU
		{4FFA8A67-5A40-40F8-9ADA-28DE7BF9A80C}.Release|Any CPU.ActiveCfg = Release|Any CPU
		{4FFA8A67-5A40-40F8-9ADA-28DE7BF9A80C}.Release|Any CPU.Build.0 = Release|Any CPU
		{F3C2B65D-0818-490B-89FC-0011667A1E18}.Debug|Any CPU.ActiveCfg = Debug|Any CPU
		{F3C2B65D-0818-490B-89FC-0011667A1E18}.Debug|Any CPU.Build.0 = Debug|Any CPU
		{F3C2B65D-0818-490B-89FC-0011667A1E18}.Release|Any CPU.ActiveCfg = Release|Any CPU
		{F3C2B65D-0818-490B-89FC-0011667A1E18}.Release|Any CPU.Build.0 = Release|Any CPU
		{475D51D5-FDD6-4AD5-A58E-F56BDF42F49A}.Debug|Any CPU.ActiveCfg = Debug|Any CPU
		{475D51D5-FDD6-4AD5-A58E-F56BDF42F49A}.Debug|Any CPU.Build.0 = Debug|Any CPU
		{475D51D5-FDD6-4AD5-A58E-F56BDF42F49A}.Release|Any CPU.ActiveCfg = Release|Any CPU
		{475D51D5-FDD6-4AD5-A58E-F56BDF42F49A}.Release|Any CPU.Build.0 = Release|Any CPU
		{1E592EEF-4D7D-4BF8-B776-B7290DA5197B}.Debug|Any CPU.ActiveCfg = Debug|Any CPU
		{1E592EEF-4D7D-4BF8-B776-B7290DA5197B}.Debug|Any CPU.Build.0 = Debug|Any CPU
		{1E592EEF-4D7D-4BF8-B776-B7290DA5197B}.Release|Any CPU.ActiveCfg = Release|Any CPU
		{1E592EEF-4D7D-4BF8-B776-B7290DA5197B}.Release|Any CPU.Build.0 = Release|Any CPU
		{72034F4E-2A93-4842-B509-D36825A6FA16}.Debug|Any CPU.ActiveCfg = Debug|Any CPU
		{72034F4E-2A93-4842-B509-D36825A6FA16}.Debug|Any CPU.Build.0 = Debug|Any CPU
		{72034F4E-2A93-4842-B509-D36825A6FA16}.Release|Any CPU.ActiveCfg = Release|Any CPU
		{72034F4E-2A93-4842-B509-D36825A6FA16}.Release|Any CPU.Build.0 = Release|Any CPU
		{022434D7-D02A-4D3B-9D01-B4FF9BFB5E6D}.Debug|Any CPU.ActiveCfg = Debug|Any CPU
		{022434D7-D02A-4D3B-9D01-B4FF9BFB5E6D}.Debug|Any CPU.Build.0 = Debug|Any CPU
		{022434D7-D02A-4D3B-9D01-B4FF9BFB5E6D}.Release|Any CPU.ActiveCfg = Release|Any CPU
		{022434D7-D02A-4D3B-9D01-B4FF9BFB5E6D}.Release|Any CPU.Build.0 = Release|Any CPU
		{8D12B31E-3ABD-4065-88C7-72FA3B5DC7D6}.Debug|Any CPU.ActiveCfg = Debug|Any CPU
		{8D12B31E-3ABD-4065-88C7-72FA3B5DC7D6}.Debug|Any CPU.Build.0 = Debug|Any CPU
		{8D12B31E-3ABD-4065-88C7-72FA3B5DC7D6}.Release|Any CPU.ActiveCfg = Release|Any CPU
		{8D12B31E-3ABD-4065-88C7-72FA3B5DC7D6}.Release|Any CPU.Build.0 = Release|Any CPU
		{222F4974-D190-48E5-B405-DAD83EAE3802}.Debug|Any CPU.ActiveCfg = Debug|Any CPU
		{222F4974-D190-48E5-B405-DAD83EAE3802}.Debug|Any CPU.Build.0 = Debug|Any CPU
		{222F4974-D190-48E5-B405-DAD83EAE3802}.Release|Any CPU.ActiveCfg = Release|Any CPU
		{222F4974-D190-48E5-B405-DAD83EAE3802}.Release|Any CPU.Build.0 = Release|Any CPU
		{AA829CEF-5369-4F3E-A17D-71A9AFF7A17B}.Debug|Any CPU.ActiveCfg = Debug|Any CPU
		{AA829CEF-5369-4F3E-A17D-71A9AFF7A17B}.Debug|Any CPU.Build.0 = Debug|Any CPU
		{AA829CEF-5369-4F3E-A17D-71A9AFF7A17B}.Release|Any CPU.ActiveCfg = Release|Any CPU
		{AA829CEF-5369-4F3E-A17D-71A9AFF7A17B}.Release|Any CPU.Build.0 = Release|Any CPU
		{CE234563-6262-4A85-A4B5-3FAF18D959CF}.Debug|Any CPU.ActiveCfg = Debug|Any CPU
		{CE234563-6262-4A85-A4B5-3FAF18D959CF}.Debug|Any CPU.Build.0 = Debug|Any CPU
		{CE234563-6262-4A85-A4B5-3FAF18D959CF}.Release|Any CPU.ActiveCfg = Release|Any CPU
		{CE234563-6262-4A85-A4B5-3FAF18D959CF}.Release|Any CPU.Build.0 = Release|Any CPU
		{810E3BB1-2F90-4E51-8EE0-0E765712F2C1}.Debug|Any CPU.ActiveCfg = Debug|Any CPU
		{810E3BB1-2F90-4E51-8EE0-0E765712F2C1}.Debug|Any CPU.Build.0 = Debug|Any CPU
		{810E3BB1-2F90-4E51-8EE0-0E765712F2C1}.Release|Any CPU.ActiveCfg = Release|Any CPU
		{810E3BB1-2F90-4E51-8EE0-0E765712F2C1}.Release|Any CPU.Build.0 = Release|Any CPU
	EndGlobalSection
	GlobalSection(SolutionProperties) = preSolution
		HideSolutionNode = FALSE
	EndGlobalSection
	GlobalSection(NestedProjects) = preSolution
		{440D7032-0622-4822-BB72-6B4AB0FC8D27} = {BED18FD0-F1B8-41B0-A941-F5A97ACE8BC7}
		{E7138AFD-51C7-4795-97FE-D46151845B5E} = {BED18FD0-F1B8-41B0-A941-F5A97ACE8BC7}
		{3424A5D4-07F6-4982-B634-CBC01D9280C4} = {BED18FD0-F1B8-41B0-A941-F5A97ACE8BC7}
		{ABEACAD3-A65B-487F-855F-83B35A863ADA} = {BED18FD0-F1B8-41B0-A941-F5A97ACE8BC7}
		{0B0FEF7F-BCCC-452C-A2B9-87278CDBA2FA} = {E392CC99-75D0-4F82-AA7C-E3258CD8314C}
		{1AF515B5-0BAC-4646-BE5A-8FE5B088A56F} = {E392CC99-75D0-4F82-AA7C-E3258CD8314C}
		{767FA43D-74E5-4518-89B5-7333AC9AB933} = {E392CC99-75D0-4F82-AA7C-E3258CD8314C}
		{ADA53EA4-0F4A-428A-8A15-8DAA5C97DB96} = {E392CC99-75D0-4F82-AA7C-E3258CD8314C}
		{4FFA8A67-5A40-40F8-9ADA-28DE7BF9A80C} = {2136A577-AAB6-4E27-AF86-FB938AE41112}
		{F3C2B65D-0818-490B-89FC-0011667A1E18} = {7C33DAB9-FCFB-4E55-BC18-5C578676169C}
		{475D51D5-FDD6-4AD5-A58E-F56BDF42F49A} = {7C33DAB9-FCFB-4E55-BC18-5C578676169C}
		{1E592EEF-4D7D-4BF8-B776-B7290DA5197B} = {7C33DAB9-FCFB-4E55-BC18-5C578676169C}
		{72034F4E-2A93-4842-B509-D36825A6FA16} = {7C33DAB9-FCFB-4E55-BC18-5C578676169C}
		{022434D7-D02A-4D3B-9D01-B4FF9BFB5E6D} = {7C33DAB9-FCFB-4E55-BC18-5C578676169C}
		{8D12B31E-3ABD-4065-88C7-72FA3B5DC7D6} = {DD5BCF24-191C-4E18-A0B3-759D70956959}
		{222F4974-D190-48E5-B405-DAD83EAE3802} = {DD5BCF24-191C-4E18-A0B3-759D70956959}
		{AA829CEF-5369-4F3E-A17D-71A9AFF7A17B} = {DD5BCF24-191C-4E18-A0B3-759D70956959}
		{CE234563-6262-4A85-A4B5-3FAF18D959CF} = {DD5BCF24-191C-4E18-A0B3-759D70956959}
		{810E3BB1-2F90-4E51-8EE0-0E765712F2C1} = {DD5BCF24-191C-4E18-A0B3-759D70956959}
	EndGlobalSection
	GlobalSection(ExtensibilityGlobals) = postSolution
		SolutionGuid = {509963E5-D53B-4A36-8F6A-5FB807A36D5D}
	EndGlobalSection
EndGlobal
